
Microsoft Visual Studio Solution File, Format Version 12.00
# Visual Studio Version 17
VisualStudioVersion = 17.13.35818.85
MinimumVisualStudioVersion = 10.0.40219.1
Project("{2150E333-8FDC-42A3-9474-1A3956D46DE8}") = "src", "src", "{02EA681E-C7D8-13C7-8484-4AC65E1B71E8}"
EndProject
Project("{FAE04EC0-301F-11D3-BF4B-00C04F79EFBC}") = "GHLearning.GrpcHealthChecks.GrpcService", "src\GHLearning.GrpcHealthChecks.GrpcService\GHLearning.GrpcHealthChecks.GrpcService.csproj", "{73FC9481-0D16-CDA9-7D79-E47590BBF163}"
EndProject
Project("{FAE04EC0-301F-11D3-BF4B-00C04F79EFBC}") = "GHLearning.GrpcHealthChecks.WebApi", "src\GHLearning.GrpcHealthChecks.WebApi\GHLearning.GrpcHealthChecks.WebApi.csproj", "{D245F5D2-E554-4D6E-817C-E2CB15B63C8E}"
EndProject
Global
	GlobalSection(SolutionConfigurationPlatforms) = preSolution
		Debug|Any CPU = Debug|Any CPU
		Release|Any CPU = Release|Any CPU
	EndGlobalSection
	GlobalSection(ProjectConfigurationPlatforms) = postSolution
		{73FC9481-0D16-CDA9-7D79-E47590BBF163}.Debug|Any CPU.ActiveCfg = Debug|Any CPU
		{73FC9481-0D16-CDA9-7D79-E47590BBF163}.Debug|Any CPU.Build.0 = Debug|Any CPU
		{73FC9481-0D16-CDA9-7D79-E47590BBF163}.Release|Any CPU.ActiveCfg = Release|Any CPU
		{73FC9481-0D16-CDA9-7D79-E47590BBF163}.Release|Any CPU.Build.0 = Release|Any CPU
		{D245F5D2-E554-4D6E-817C-E2CB15B63C8E}.Debug|Any CPU.ActiveCfg = Debug|Any CPU
		{D245F5D2-E554-4D6E-817C-E2CB15B63C8E}.Debug|Any CPU.Build.0 = Debug|Any CPU
		{D245F5D2-E554-4D6E-817C-E2CB15B63C8E}.Release|Any CPU.ActiveCfg = Release|Any CPU
		{D245F5D2-E554-4D6E-817C-E2CB15B63C8E}.Release|Any CPU.Build.0 = Release|Any CPU
	EndGlobalSection
	GlobalSection(SolutionProperties) = preSolution
		HideSolutionNode = FALSE
	EndGlobalSection
	GlobalSection(NestedProjects) = preSolution
		{73FC9481-0D16-CDA9-7D79-E47590BBF163} = {02EA681E-C7D8-13C7-8484-4AC65E1B71E8}
		{D245F5D2-E554-4D6E-817C-E2CB15B63C8E} = {02EA681E-C7D8-13C7-8484-4AC65E1B71E8}
	EndGlobalSection
	GlobalSection(ExtensibilityGlobals) = postSolution
		SolutionGuid = {BD1B56D0-433C-471F-99A4-00DBF42154D0}
	EndGlobalSection
EndGlobal
